lockfileVersion: 5.4

specifiers:
  rollup: ^3.26.3

devDependencies:
  rollup: registry.npmjs.org/rollup/3.26.3

packages:

  registry.npmjs.org/fsevents/2.3.2:
    resolution: {integrity: sha512-xiqMQR4xAeHTuB9uWm+fFRcIOgKBMiOBP+eXiyT7jsgVCq1bkVygt00oASowB7EdtpOHaaPgKt812P9ab+DDKA==, registry: http://gitlab.ilabpower.devops/api/v4/projects/78/packages/npm/, tarball: https://registry.npmjs.org/fsevents/-/fsevents-2.3.2.tgz}
    name: fsevents
    version: 2.3.2
    engines: {node: ^8.16.0 || ^10.6.0 || >=11.0.0}
    os: [darwin]
    requiresBuild: true
    dev: true
    optional: true

  registry.npmjs.org/rollup/3.26.3:
    resolution: {integrity: sha512-7Tin0C8l86TkpcMtXvQu6saWH93nhG3dGQ1/+l5V2TDMceTxO7kDiK6GzbfLWNNxqJXm591PcEZUozZm51ogwQ==, registry: http://gitlab.ilabpower.devops/api/v4/projects/78/packages/npm/, tarball: https://registry.npmjs.org/rollup/-/rollup-3.26.3.tgz}
    name: rollup
    version: 3.26.3
    engines: {node: '>=14.18.0', npm: '>=8.0.0'}
    hasBin: true
    optionalDependencies:
      fsevents: registry.npmjs.org/fsevents/2.3.2
    dev: true
