lockfileVersion: 5.4

specifiers:
  rollup: ^3.26.3
  rollup-plugin-livereload: ^2.0.5
  rollup-plugin-serve: ^2.0.2

devDependencies:
  rollup: registry.npmjs.org/rollup/3.26.3
  rollup-plugin-livereload: registry.npmjs.org/rollup-plugin-livereload/2.0.5
  rollup-plugin-serve: registry.npmjs.org/rollup-plugin-serve/2.0.2

packages:

  registry.npmjs.org/anymatch/3.1.3:
    resolution: {integrity: sha512-KMReFUr0B4t+D+OBkjR3KYqvocp2XaSzO55UcB6mgQMd3KbcE+mWTyvVV7D/zsdEbNnV6acZUutkiHQXvTr1Rw==, registry: http://gitlab.ilabpower.devops/api/v4/projects/78/packages/npm/, tarball: https://registry.npmjs.org/anymatch/-/anymatch-3.1.3.tgz}
    name: anymatch
    version: 3.1.3
    engines: {node: '>= 8'}
    dependencies:
      normalize-path: registry.npmjs.org/normalize-path/3.0.0
      picomatch: registry.npmjs.org/picomatch/2.3.1
    dev: true

  registry.npmjs.org/binary-extensions/2.2.0:
    resolution: {integrity: sha512-jDctJ/IVQbZoJykoeHbhXpOlNBqGNcwXJKJog42E5HDPUwQTSdjCHdihjj0DlnheQ7blbT6dHOafNAiS8ooQKA==, registry: http://gitlab.ilabpower.devops/api/v4/projects/78/packages/npm/, tarball: https://registry.npmjs.org/binary-extensions/-/binary-extensions-2.2.0.tgz}
    name: binary-extensions
    version: 2.2.0
    engines: {node: '>=8'}
    dev: true

  registry.npmjs.org/braces/3.0.2:
    resolution: {integrity: sha512-b8um+L1RzM3WDSzvhm6gIz1yfTbBt6YTlcEKAvsmqCZZFw46z626lVj9j1yEPW33H5H+lBQpZMP1k8l+78Ha0A==, registry: http://gitlab.ilabpower.devops/api/v4/projects/78/packages/npm/, tarball: https://registry.npmjs.org/braces/-/braces-3.0.2.tgz}
    name: braces
    version: 3.0.2
    engines: {node: '>=8'}
    dependencies:
      fill-range: registry.npmjs.org/fill-range/7.0.1
    dev: true

  registry.npmjs.org/chokidar/3.5.3:
    resolution: {integrity: sha512-Dr3sfKRP6oTcjf2JmUmFJfeVMvXBdegxB0iVQ5eb2V10uFJUCAS8OByZdVAyVb8xXNz3GjjTgj9kLWsZTqE6kw==, registry: http://gitlab.ilabpower.devops/api/v4/projects/78/packages/npm/, tarball: https://registry.npmjs.org/chokidar/-/chokidar-3.5.3.tgz}
    name: chokidar
    version: 3.5.3
    engines: {node: '>= 8.10.0'}
    dependencies:
      anymatch: registry.npmjs.org/anymatch/3.1.3
      braces: registry.npmjs.org/braces/3.0.2
      glob-parent: registry.npmjs.org/glob-parent/5.1.2
      is-binary-path: registry.npmjs.org/is-binary-path/2.1.0
      is-glob: registry.npmjs.org/is-glob/4.0.3
      normalize-path: registry.npmjs.org/normalize-path/3.0.0
      readdirp: registry.npmjs.org/readdirp/3.6.0
    optionalDependencies:
      fsevents: registry.npmjs.org/fsevents/2.3.2
    dev: true

  registry.npmjs.org/fill-range/7.0.1:
    resolution: {integrity: sha512-qOo9F+dMUmC2Lcb4BbVvnKJxTPjCm+RRpe4gDuGrzkL7mEVl/djYSu2OdQ2Pa302N4oqkSg9ir6jaLWJ2USVpQ==, registry: http://gitlab.ilabpower.devops/api/v4/projects/78/packages/npm/, tarball: https://registry.npmjs.org/fill-range/-/fill-range-7.0.1.tgz}
    name: fill-range
    version: 7.0.1
    engines: {node: '>=8'}
    dependencies:
      to-regex-range: registry.npmjs.org/to-regex-range/5.0.1
    dev: true

  registry.npmjs.org/fsevents/2.3.2:
    resolution: {integrity: sha512-xiqMQR4xAeHTuB9uWm+fFRcIOgKBMiOBP+eXiyT7jsgVCq1bkVygt00oASowB7EdtpOHaaPgKt812P9ab+DDKA==, registry: http://gitlab.ilabpower.devops/api/v4/projects/78/packages/npm/, tarball: https://registry.npmjs.org/fsevents/-/fsevents-2.3.2.tgz}
    name: fsevents
    version: 2.3.2
    engines: {node: ^8.16.0 || ^10.6.0 || >=11.0.0}
    os: [darwin]
    requiresBuild: true
    dev: true
    optional: true

  registry.npmjs.org/glob-parent/5.1.2:
    resolution: {integrity: sha512-AOIgSQCepiJYwP3ARnGx+5VnTu2HBYdzbGP45eLw1vr3zB3vZLeyed1sC9hnbcOc9/SrMyM5RPQrkGz4aS9Zow==, registry: http://gitlab.ilabpower.devops/api/v4/projects/78/packages/npm/, tarball: https://registry.npmjs.org/glob-parent/-/glob-parent-5.1.2.tgz}
    name: glob-parent
    version: 5.1.2
    engines: {node: '>= 6'}
    dependencies:
      is-glob: registry.npmjs.org/is-glob/4.0.3
    dev: true

  registry.npmjs.org/is-binary-path/2.1.0:
    resolution: {integrity: sha512-ZMERYes6pDydyuGidse7OsHxtbI7WVeUEozgR/g7rd0xUimYNlvZRE/K2MgZTjWy725IfelLeVcEM97mmtRGXw==, registry: http://gitlab.ilabpower.devops/api/v4/projects/78/packages/npm/, tarball: https://registry.npmjs.org/is-binary-path/-/is-binary-path-2.1.0.tgz}
    name: is-binary-path
    version: 2.1.0
    engines: {node: '>=8'}
    dependencies:
      binary-extensions: registry.npmjs.org/binary-extensions/2.2.0
    dev: true

  registry.npmjs.org/is-extglob/2.1.1:
    resolution: {integrity: sha512-SbKbANkN603Vi4jEZv49LeVJMn4yGwsbzZworEoyEiutsN3nJYdbO36zfhGJ6QEDpOZIFkDtnq5JRxmvl3jsoQ==, registry: http://gitlab.ilabpower.devops/api/v4/projects/78/packages/npm/, tarball: https://registry.npmjs.org/is-extglob/-/is-extglob-2.1.1.tgz}
    name: is-extglob
    version: 2.1.1
    engines: {node: '>=0.10.0'}
    dev: true

  registry.npmjs.org/is-glob/4.0.3:
    resolution: {integrity: sha512-xelSayHH36ZgE7ZWhli7pW34hNbNl8Ojv5KVmkJD4hBdD3th8Tfk9vYasLM+mXWOZhFkgZfxhLSnrwRr4elSSg==, registry: http://gitlab.ilabpower.devops/api/v4/projects/78/packages/npm/, tarball: https://registry.npmjs.org/is-glob/-/is-glob-4.0.3.tgz}
    name: is-glob
    version: 4.0.3
    engines: {node: '>=0.10.0'}
    dependencies:
      is-extglob: registry.npmjs.org/is-extglob/2.1.1
    dev: true

  registry.npmjs.org/is-number/7.0.0:
    resolution: {integrity: sha512-41Cifkg6e8TylSpdtTpeLVMqvSBEVzTttHvERD741+pnZ8ANv0004MRL43QKPDlK9cGvNp6NZWZUBlbGXYxxng==, registry: http://gitlab.ilabpower.devops/api/v4/projects/78/packages/npm/, tarball: https://registry.npmjs.org/is-number/-/is-number-7.0.0.tgz}
    name: is-number
    version: 7.0.0
    engines: {node: '>=0.12.0'}
    dev: true

  registry.npmjs.org/livereload-js/3.4.1:
    resolution: {integrity: sha512-5MP0uUeVCec89ZbNOT/i97Mc+q3SxXmiUGhRFOTmhrGPn//uWVQdCvcLJDy64MSBR5MidFdOR7B9viumoavy6g==, registry: http://gitlab.ilabpower.devops/api/v4/projects/78/packages/npm/, tarball: https://registry.npmjs.org/livereload-js/-/livereload-js-3.4.1.tgz}
    name: livereload-js
    version: 3.4.1
    dev: true

  registry.npmjs.org/livereload/0.9.3:
    resolution: {integrity: sha512-q7Z71n3i4X0R9xthAryBdNGVGAO2R5X+/xXpmKeuPMrteg+W2U8VusTKV3YiJbXZwKsOlFlHe+go6uSNjfxrZw==, registry: http://gitlab.ilabpower.devops/api/v4/projects/78/packages/npm/, tarball: https://registry.npmjs.org/livereload/-/livereload-0.9.3.tgz}
    name: livereload
    version: 0.9.3
    engines: {node: '>=8.0.0'}
    hasBin: true
    dependencies:
      chokidar: registry.npmjs.org/chokidar/3.5.3
      livereload-js: registry.npmjs.org/livereload-js/3.4.1
      opts: registry.npmjs.org/opts/2.0.2
      ws: registry.npmjs.org/ws/7.5.9
    transitivePeerDependencies:
      - bufferutil
      - utf-8-validate
    dev: true

  registry.npmjs.org/mime/3.0.0:
    resolution: {integrity: sha512-jSCU7/VB1loIWBZe14aEYHU/+1UMEHoaO7qxCOVJOw9GgH72VAWppxNcjU+x9a2k3GSIBXNKxXQFqRvvZ7vr3A==, registry: http://gitlab.ilabpower.devops/api/v4/projects/78/packages/npm/, tarball: https://registry.npmjs.org/mime/-/mime-3.0.0.tgz}
    name: mime
    version: 3.0.0
    engines: {node: '>=10.0.0'}
    hasBin: true
    dev: true

  registry.npmjs.org/normalize-path/3.0.0:
    resolution: {integrity: sha512-6eZs5Ls3WtCisHWp9S2GUy8dqkpGi4BVSz3GaqiE6ezub0512ESztXUwUB6C6IKbQkY2Pnb/mD4WYojCRwcwLA==, registry: http://gitlab.ilabpower.devops/api/v4/projects/78/packages/npm/, tarball: https://registry.npmjs.org/normalize-path/-/normalize-path-3.0.0.tgz}
    name: normalize-path
    version: 3.0.0
    engines: {node: '>=0.10.0'}
    dev: true

  registry.npmjs.org/opener/1.5.2:
    resolution: {integrity: sha512-ur5UIdyw5Y7yEj9wLzhqXiy6GZ3Mwx0yGI+5sMn2r0N0v3cKJvUmFH5yPP+WXh9e0xfyzyJX95D8l088DNFj7A==, registry: http://gitlab.ilabpower.devops/api/v4/projects/78/packages/npm/, tarball: https://registry.npmjs.org/opener/-/opener-1.5.2.tgz}
    name: opener
    version: 1.5.2
    hasBin: true
    dev: true

  registry.npmjs.org/opts/2.0.2:
    resolution: {integrity: sha512-k41FwbcLnlgnFh69f4qdUfvDQ+5vaSDnVPFI/y5XuhKRq97EnVVneO9F1ESVCdiVu4fCS2L8usX3mU331hB7pg==, registry: http://gitlab.ilabpower.devops/api/v4/projects/78/packages/npm/, tarball: https://registry.npmjs.org/opts/-/opts-2.0.2.tgz}
    name: opts
    version: 2.0.2
    dev: true

  registry.npmjs.org/picomatch/2.3.1:
    resolution: {integrity: sha512-JU3teHTNjmE2VCGFzuY8EXzCDVwEqB2a8fsIvwaStHhAWJEeVd1o1QD80CU6+ZdEXXSLbSsuLwJjkCBWqRQUVA==, registry: http://gitlab.ilabpower.devops/api/v4/projects/78/packages/npm/, tarball: https://registry.npmjs.org/picomatch/-/picomatch-2.3.1.tgz}
    name: picomatch
    version: 2.3.1
    engines: {node: '>=8.6'}
    dev: true

  registry.npmjs.org/readdirp/3.6.0:
    resolution: {integrity: sha512-hOS089on8RduqdbhvQ5Z37A0ESjsqz6qnRcffsMU3495FuTdqSm+7bhJ29JvIOsBDEEnan5DPu9t3To9VRlMzA==, registry: http://gitlab.ilabpower.devops/api/v4/projects/78/packages/npm/, tarball: https://registry.npmjs.org/readdirp/-/readdirp-3.6.0.tgz}
    name: readdirp
    version: 3.6.0
    engines: {node: '>=8.10.0'}
    dependencies:
      picomatch: registry.npmjs.org/picomatch/2.3.1
    dev: true

  registry.npmjs.org/rollup-plugin-livereload/2.0.5:
    resolution: {integrity: sha512-vqQZ/UQowTW7VoiKEM5ouNW90wE5/GZLfdWuR0ELxyKOJUIaj+uismPZZaICU4DnWPVjnpCDDxEqwU7pcKY/PA==, registry: http://gitlab.ilabpower.devops/api/v4/projects/78/packages/npm/, tarball: https://registry.npmjs.org/rollup-plugin-livereload/-/rollup-plugin-livereload-2.0.5.tgz}
    name: rollup-plugin-livereload
    version: 2.0.5
    engines: {node: '>=8.3'}
    dependencies:
      livereload: registry.npmjs.org/livereload/0.9.3
    transitivePeerDependencies:
      - bufferutil
      - utf-8-validate
    dev: true

  registry.npmjs.org/rollup-plugin-serve/2.0.2:
    resolution: {integrity: sha512-ALqyTbPhlf7FZ5RzlbDvMYvbKuCHWginJkTo6dMsbgji/a78IbsXox+pC83HENdkTRz8OXrTj+aShp3+3ratpg==, registry: http://gitlab.ilabpower.devops/api/v4/projects/78/packages/npm/, tarball: https://registry.npmjs.org/rollup-plugin-serve/-/rollup-plugin-serve-2.0.2.tgz}
    name: rollup-plugin-serve
    version: 2.0.2
    dependencies:
      mime: registry.npmjs.org/mime/3.0.0
      opener: registry.npmjs.org/opener/1.5.2
    dev: true

  registry.npmjs.org/rollup/3.26.3:
    resolution: {integrity: sha512-7Tin0C8l86TkpcMtXvQu6saWH93nhG3dGQ1/+l5V2TDMceTxO7kDiK6GzbfLWNNxqJXm591PcEZUozZm51ogwQ==, registry: http://gitlab.ilabpower.devops/api/v4/projects/78/packages/npm/, tarball: https://registry.npmjs.org/rollup/-/rollup-3.26.3.tgz}
    name: rollup
    version: 3.26.3
    engines: {node: '>=14.18.0', npm: '>=8.0.0'}
    hasBin: true
    optionalDependencies:
      fsevents: registry.npmjs.org/fsevents/2.3.2
    dev: true

  registry.npmjs.org/to-regex-range/5.0.1:
    resolution: {integrity: sha512-65P7iz6X5yEr1cwcgvQxbbIw7Uk3gOy5dIdtZ4rDveLqhrdJP+Li/Hx6tyK0NEb+2GCyneCMJiGqrADCSNk8sQ==, registry: http://gitlab.ilabpower.devops/api/v4/projects/78/packages/npm/, tarball: https://registry.npmjs.org/to-regex-range/-/to-regex-range-5.0.1.tgz}
    name: to-regex-range
    version: 5.0.1
    engines: {node: '>=8.0'}
    dependencies:
      is-number: registry.npmjs.org/is-number/7.0.0
    dev: true

  registry.npmjs.org/ws/7.5.9:
    resolution: {integrity: sha512-F+P9Jil7UiSKSkppIiD94dN07AwvFixvLIj1Og1Rl9GGMuNipJnV9JzjD6XuqmAeiswGvUmNLjr5cFuXwNS77Q==, registry: http://gitlab.ilabpower.devops/api/v4/projects/78/packages/npm/, tarball: https://registry.npmjs.org/ws/-/ws-7.5.9.tgz}
    name: ws
    version: 7.5.9
    engines: {node: '>=8.3.0'}
    peerDependencies:
      bufferutil: ^4.0.1
      utf-8-validate: ^5.0.2
    peerDependenciesMeta:
      bufferutil:
        optional: true
      utf-8-validate:
        optional: true
    dev: true
